
Microsoft Visual Studio Solution File, Format Version 12.00
# Visual Studio Version 17
VisualStudioVersion = 17.5.33530.505
MinimumVisualStudioVersion = 10.0.40219.1
Project("{2150E333-8FDC-42A3-9474-1A3956D46DE8}") = "week1", "week1", "{7BBC0486-D4C0-4DBA-8603-C275C8B5C6AC}"
EndProject
Project("{9A19103F-16F7-4668-BE54-9A1E7A4F7556}") = "datatypes-operators", "datatypes-operators-loop\datatypes-operators.csproj", "{C9048060-CCB1-4011-927D-46E02590D122}"
EndProject
Project("{9A19103F-16F7-4668-BE54-9A1E7A4F7556}") = "loop", "loop\loop.csproj", "{83FAFB8F-475C-44C7-8F24-D8FE58F13287}"
EndProject
Project("{2150E333-8FDC-42A3-9474-1A3956D46DE8}") = "week2", "week2", "{2CFE28D6-9FB4-48DF-A278-C6E840FF0146}"
EndProject
Project("{9A19103F-16F7-4668-BE54-9A1E7A4F7556}") = "function", "function\function.csproj", "{0AEE8765-1664-4FE9-9D6F-E9547B7C6850}"
EndProject
Project("{9A19103F-16F7-4668-BE54-9A1E7A4F7556}") = "array", "array\array.csproj", "{C7D09964-39DC-447A-AAB3-39C2BCF07192}"
EndProject
Project("{9A19103F-16F7-4668-BE54-9A1E7A4F7556}") = "processor", "processor\processor.csproj", "{999906BF-3FCF-4E97-BADE-9D24AB1DB594}"
EndProject
Project("{9A19103F-16F7-4668-BE54-9A1E7A4F7556}") = "class_array", "class_array\class_array.csproj", "{074B511B-4D30-4E03-92F3-6C8B231C08DE}"
EndProject
Project("{9A19103F-16F7-4668-BE54-9A1E7A4F7556}") = "download", "download\download.csproj", "{14C2C488-0CA0-4E31-9F44-BEA415266D05}"
EndProject
Project("{9A19103F-16F7-4668-BE54-9A1E7A4F7556}") = "essential", "essential\essential.csproj", "{F0CB4CDE-5C97-4718-B2EE-25DAC86B5976}"
EndProject
Project("{9A19103F-16F7-4668-BE54-9A1E7A4F7556}") = "enum", "enum\enum.csproj", "{70F16094-3C67-44F9-BE00-7C073A454E51}"
EndProject
Project("{2150E333-8FDC-42A3-9474-1A3956D46DE8}") = "week3", "week3", "{20288157-E989-4AD8-B596-88F953E9DD61}"
EndProject
Project("{9A19103F-16F7-4668-BE54-9A1E7A4F7556}") = "opp", "opp\opp.csproj", "{51DA2263-EE12-4E39-AEDA-284F84982A5E}"
EndProject
Project("{9A19103F-16F7-4668-BE54-9A1E7A4F7556}") = "inherent", "inherent\inherent.csproj", "{5F5B8822-9D8F-49F9-A585-4C9AF46C6031}"
EndProject
Project("{9A19103F-16F7-4668-BE54-9A1E7A4F7556}") = "polymorphism", "polymorphism\polymorphism.csproj", "{14D15710-1269-4040-AE7A-077A65DF8BA2}"
EndProject
Project("{9A19103F-16F7-4668-BE54-9A1E7A4F7556}") = "interface_practise", "interface\interface_practise.csproj", "{307E0684-CF29-4560-A3A4-14D6511F7C53}"
EndProject
Project("{9A19103F-16F7-4668-BE54-9A1E7A4F7556}") = "interface_practice2", "interface_practice2\interface_practice2.csproj", "{468F3611-C8C7-4F39-8B59-BFF080198ED1}"
EndProject
Project("{9A19103F-16F7-4668-BE54-9A1E7A4F7556}") = "incupsulation", "incubsulation\incupsulation.csproj", "{A4FF0181-3CC1-4281-BB1F-3D59BA73CD84}"
EndProject
Project("{9A19103F-16F7-4668-BE54-9A1E7A4F7556}") = "abstarct_class", "abstarct_class\abstarct_class.csproj", "{6CB4B927-4643-4197-91B9-DFC9384F912D}"
EndProject
Project("{9A19103F-16F7-4668-BE54-9A1E7A4F7556}") = "trycatchfinally", "trycatchfinily\trycatchfinally.csproj", "{D3B373BE-1BD9-4CB0-A6BA-EE703AB6E7E6}"
EndProject
Project("{2150E333-8FDC-42A3-9474-1A3956D46DE8}") = "week4", "week4", "{E9539BBA-5E92-4841-BEB0-7079D680A729}"
EndProject
Project("{9A19103F-16F7-4668-BE54-9A1E7A4F7556}") = "string_stringBuilder", "string_stringBuilder\string_stringBuilder.csproj", "{CF0CE696-DF9A-4A9B-B9A7-F851A0274C84}"
EndProject
Project("{9A19103F-16F7-4668-BE54-9A1E7A4F7556}") = "list", "list\list.csproj", "{A2E13CE9-6C81-4907-AAF0-57CC4BFAE0C0}"
EndProject
Project("{9A19103F-16F7-4668-BE54-9A1E7A4F7556}") = "security", "security\security.csproj", "{0C699C2C-B198-421D-B7B4-4A57A8F79FD5}"
EndProject
Project("{9A19103F-16F7-4668-BE54-9A1E7A4F7556}") = "fully_list", "fully_list\fully_list.csproj", "{F734577F-06E6-4B14-99C8-7DF8314A3B36}"
EndProject
Project("{9A19103F-16F7-4668-BE54-9A1E7A4F7556}") = "json", "json\json.csproj", "{CA61BCC9-FF5C-4D66-89F8-58670EDE82C5}"
EndProject
Project("{9A19103F-16F7-4668-BE54-9A1E7A4F7556}") = "delegate", "delegate\delegate.csproj", "{9F75BE5A-03BB-4053-9EC6-F880E8D40934}"
EndProject
Project("{FAE04EC0-301F-11D3-BF4B-00C04F79EFBC}") = "file", "file\file.csproj", "{6770EE5E-45A1-40CA-8F5E-DA7BDEF4A66B}"
EndProject
Global
	GlobalSection(SolutionConfigurationPlatforms) = preSolution
		Debug|Any CPU = Debug|Any CPU
		Release|Any CPU = Release|Any CPU
	EndGlobalSection
	GlobalSection(ProjectConfigurationPlatforms) = postSolution
		{C9048060-CCB1-4011-927D-46E02590D122}.Debug|Any CPU.ActiveCfg = Debug|Any CPU
		{C9048060-CCB1-4011-927D-46E02590D122}.Debug|Any CPU.Build.0 = Debug|Any CPU
		{C9048060-CCB1-4011-927D-46E02590D122}.Release|Any CPU.ActiveCfg = Release|Any CPU
		{C9048060-CCB1-4011-927D-46E02590D122}.Release|Any CPU.Build.0 = Release|Any CPU
		{83FAFB8F-475C-44C7-8F24-D8FE58F13287}.Debug|Any CPU.ActiveCfg = Debug|Any CPU
		{83FAFB8F-475C-44C7-8F24-D8FE58F13287}.Debug|Any CPU.Build.0 = Debug|Any CPU
		{83FAFB8F-475C-44C7-8F24-D8FE58F13287}.Release|Any CPU.ActiveCfg = Release|Any CPU
		{83FAFB8F-475C-44C7-8F24-D8FE58F13287}.Release|Any CPU.Build.0 = Release|Any CPU
		{0AEE8765-1664-4FE9-9D6F-E9547B7C6850}.Debug|Any CPU.ActiveCfg = Debug|Any CPU
		{0AEE8765-1664-4FE9-9D6F-E9547B7C6850}.Debug|Any CPU.Build.0 = Debug|Any CPU
		{0AEE8765-1664-4FE9-9D6F-E9547B7C6850}.Release|Any CPU.ActiveCfg = Release|Any CPU
		{0AEE8765-1664-4FE9-9D6F-E9547B7C6850}.Release|Any CPU.Build.0 = Release|Any CPU
		{C7D09964-39DC-447A-AAB3-39C2BCF07192}.Debug|Any CPU.ActiveCfg = Debug|Any CPU
		{C7D09964-39DC-447A-AAB3-39C2BCF07192}.Debug|Any CPU.Build.0 = Debug|Any CPU
		{C7D09964-39DC-447A-AAB3-39C2BCF07192}.Release|Any CPU.ActiveCfg = Release|Any CPU
		{C7D09964-39DC-447A-AAB3-39C2BCF07192}.Release|Any CPU.Build.0 = Release|Any CPU
		{999906BF-3FCF-4E97-BADE-9D24AB1DB594}.Debug|Any CPU.ActiveCfg = Debug|Any CPU
		{999906BF-3FCF-4E97-BADE-9D24AB1DB594}.Debug|Any CPU.Build.0 = Debug|Any CPU
		{999906BF-3FCF-4E97-BADE-9D24AB1DB594}.Release|Any CPU.ActiveCfg = Release|Any CPU
		{999906BF-3FCF-4E97-BADE-9D24AB1DB594}.Release|Any CPU.Build.0 = Release|Any CPU
		{074B511B-4D30-4E03-92F3-6C8B231C08DE}.Debug|Any CPU.ActiveCfg = Debug|Any CPU
		{074B511B-4D30-4E03-92F3-6C8B231C08DE}.Debug|Any CPU.Build.0 = Debug|Any CPU
		{074B511B-4D30-4E03-92F3-6C8B231C08DE}.Release|Any CPU.ActiveCfg = Release|Any CPU
		{074B511B-4D30-4E03-92F3-6C8B231C08DE}.Release|Any CPU.Build.0 = Release|Any CPU
		{14C2C488-0CA0-4E31-9F44-BEA415266D05}.Debug|Any CPU.ActiveCfg = Debug|Any CPU
		{14C2C488-0CA0-4E31-9F44-BEA415266D05}.Debug|Any CPU.Build.0 = Debug|Any CPU
		{14C2C488-0CA0-4E31-9F44-BEA415266D05}.Release|Any CPU.ActiveCfg = Release|Any CPU
		{14C2C488-0CA0-4E31-9F44-BEA415266D05}.Release|Any CPU.Build.0 = Release|Any CPU
		{F0CB4CDE-5C97-4718-B2EE-25DAC86B5976}.Debug|Any CPU.ActiveCfg = Debug|Any CPU
		{F0CB4CDE-5C97-4718-B2EE-25DAC86B5976}.Debug|Any CPU.Build.0 = Debug|Any CPU
		{F0CB4CDE-5C97-4718-B2EE-25DAC86B5976}.Release|Any CPU.ActiveCfg = Release|Any CPU
		{F0CB4CDE-5C97-4718-B2EE-25DAC86B5976}.Release|Any CPU.Build.0 = Release|Any CPU
		{70F16094-3C67-44F9-BE00-7C073A454E51}.Debug|Any CPU.ActiveCfg = Debug|Any CPU
		{70F16094-3C67-44F9-BE00-7C073A454E51}.Debug|Any CPU.Build.0 = Debug|Any CPU
		{70F16094-3C67-44F9-BE00-7C073A454E51}.Release|Any CPU.ActiveCfg = Release|Any CPU
		{70F16094-3C67-44F9-BE00-7C073A454E51}.Release|Any CPU.Build.0 = Release|Any CPU
		{51DA2263-EE12-4E39-AEDA-284F84982A5E}.Debug|Any CPU.ActiveCfg = Debug|Any CPU
		{51DA2263-EE12-4E39-AEDA-284F84982A5E}.Debug|Any CPU.Build.0 = Debug|Any CPU
		{51DA2263-EE12-4E39-AEDA-284F84982A5E}.Release|Any CPU.ActiveCfg = Release|Any CPU
		{51DA2263-EE12-4E39-AEDA-284F84982A5E}.Release|Any CPU.Build.0 = Release|Any CPU
		{5F5B8822-9D8F-49F9-A585-4C9AF46C6031}.Debug|Any CPU.ActiveCfg = Debug|Any CPU
		{5F5B8822-9D8F-49F9-A585-4C9AF46C6031}.Debug|Any CPU.Build.0 = Debug|Any CPU
		{5F5B8822-9D8F-49F9-A585-4C9AF46C6031}.Release|Any CPU.ActiveCfg = Release|Any CPU
		{5F5B8822-9D8F-49F9-A585-4C9AF46C6031}.Release|Any CPU.Build.0 = Release|Any CPU
		{14D15710-1269-4040-AE7A-077A65DF8BA2}.Debug|Any CPU.ActiveCfg = Debug|Any CPU
		{14D15710-1269-4040-AE7A-077A65DF8BA2}.Debug|Any CPU.Build.0 = Debug|Any CPU
		{14D15710-1269-4040-AE7A-077A65DF8BA2}.Release|Any CPU.ActiveCfg = Release|Any CPU
		{14D15710-1269-4040-AE7A-077A65DF8BA2}.Release|Any CPU.Build.0 = Release|Any CPU
		{307E0684-CF29-4560-A3A4-14D6511F7C53}.Debug|Any CPU.ActiveCfg = Debug|Any CPU
		{307E0684-CF29-4560-A3A4-14D6511F7C53}.Debug|Any CPU.Build.0 = Debug|Any CPU
		{307E0684-CF29-4560-A3A4-14D6511F7C53}.Release|Any CPU.ActiveCfg = Release|Any CPU
		{307E0684-CF29-4560-A3A4-14D6511F7C53}.Release|Any CPU.Build.0 = Release|Any CPU
		{468F3611-C8C7-4F39-8B59-BFF080198ED1}.Debug|Any CPU.ActiveCfg = Debug|Any CPU
		{468F3611-C8C7-4F39-8B59-BFF080198ED1}.Debug|Any CPU.Build.0 = Debug|Any CPU
		{468F3611-C8C7-4F39-8B59-BFF080198ED1}.Release|Any CPU.ActiveCfg = Release|Any CPU
		{468F3611-C8C7-4F39-8B59-BFF080198ED1}.Release|Any CPU.Build.0 = Release|Any CPU
		{A4FF0181-3CC1-4281-BB1F-3D59BA73CD84}.Debug|Any CPU.ActiveCfg = Debug|Any CPU
		{A4FF0181-3CC1-4281-BB1F-3D59BA73CD84}.Debug|Any CPU.Build.0 = Debug|Any CPU
		{A4FF0181-3CC1-4281-BB1F-3D59BA73CD84}.Release|Any CPU.ActiveCfg = Release|Any CPU
		{A4FF0181-3CC1-4281-BB1F-3D59BA73CD84}.Release|Any CPU.Build.0 = Release|Any CPU
		{6CB4B927-4643-4197-91B9-DFC9384F912D}.Debug|Any CPU.ActiveCfg = Debug|Any CPU
		{6CB4B927-4643-4197-91B9-DFC9384F912D}.Debug|Any CPU.Build.0 = Debug|Any CPU
		{6CB4B927-4643-4197-91B9-DFC9384F912D}.Release|Any CPU.ActiveCfg = Release|Any CPU
		{6CB4B927-4643-4197-91B9-DFC9384F912D}.Release|Any CPU.Build.0 = Release|Any CPU
		{D3B373BE-1BD9-4CB0-A6BA-EE703AB6E7E6}.Debug|Any CPU.ActiveCfg = Debug|Any CPU
		{D3B373BE-1BD9-4CB0-A6BA-EE703AB6E7E6}.Debug|Any CPU.Build.0 = Debug|Any CPU
		{D3B373BE-1BD9-4CB0-A6BA-EE703AB6E7E6}.Release|Any CPU.ActiveCfg = Release|Any CPU
		{D3B373BE-1BD9-4CB0-A6BA-EE703AB6E7E6}.Release|Any CPU.Build.0 = Release|Any CPU
		{CF0CE696-DF9A-4A9B-B9A7-F851A0274C84}.Debug|Any CPU.ActiveCfg = Debug|Any CPU
		{CF0CE696-DF9A-4A9B-B9A7-F851A0274C84}.Debug|Any CPU.Build.0 = Debug|Any CPU
		{CF0CE696-DF9A-4A9B-B9A7-F851A0274C84}.Release|Any CPU.ActiveCfg = Release|Any CPU
		{CF0CE696-DF9A-4A9B-B9A7-F851A0274C84}.Release|Any CPU.Build.0 = Release|Any CPU
		{A2E13CE9-6C81-4907-AAF0-57CC4BFAE0C0}.Debug|Any CPU.ActiveCfg = Debug|Any CPU
		{A2E13CE9-6C81-4907-AAF0-57CC4BFAE0C0}.Debug|Any CPU.Build.0 = Debug|Any CPU
		{A2E13CE9-6C81-4907-AAF0-57CC4BFAE0C0}.Release|Any CPU.ActiveCfg = Release|Any CPU
		{A2E13CE9-6C81-4907-AAF0-57CC4BFAE0C0}.Release|Any CPU.Build.0 = Release|Any CPU
		{0C699C2C-B198-421D-B7B4-4A57A8F79FD5}.Debug|Any CPU.ActiveCfg = Debug|Any CPU
		{0C699C2C-B198-421D-B7B4-4A57A8F79FD5}.Debug|Any CPU.Build.0 = Debug|Any CPU
		{0C699C2C-B198-421D-B7B4-4A57A8F79FD5}.Release|Any CPU.ActiveCfg = Release|Any CPU
		{0C699C2C-B198-421D-B7B4-4A57A8F79FD5}.Release|Any CPU.Build.0 = Release|Any CPU
		{F734577F-06E6-4B14-99C8-7DF8314A3B36}.Debug|Any CPU.ActiveCfg = Debug|Any CPU
		{F734577F-06E6-4B14-99C8-7DF8314A3B36}.Debug|Any CPU.Build.0 = Debug|Any CPU
		{F734577F-06E6-4B14-99C8-7DF8314A3B36}.Release|Any CPU.ActiveCfg = Release|Any CPU
		{F734577F-06E6-4B14-99C8-7DF8314A3B36}.Release|Any CPU.Build.0 = Release|Any CPU
		{CA61BCC9-FF5C-4D66-89F8-58670EDE82C5}.Debug|Any CPU.ActiveCfg = Debug|Any CPU
		{CA61BCC9-FF5C-4D66-89F8-58670EDE82C5}.Debug|Any CPU.Build.0 = Debug|Any CPU
		{CA61BCC9-FF5C-4D66-89F8-58670EDE82C5}.Release|Any CPU.ActiveCfg = Release|Any CPU
		{CA61BCC9-FF5C-4D66-89F8-58670EDE82C5}.Release|Any CPU.Build.0 = Release|Any CPU
		{9F75BE5A-03BB-4053-9EC6-F880E8D40934}.Debug|Any CPU.ActiveCfg = Debug|Any CPU
		{9F75BE5A-03BB-4053-9EC6-F880E8D40934}.Debug|Any CPU.Build.0 = Debug|Any CPU
		{9F75BE5A-03BB-4053-9EC6-F880E8D40934}.Release|Any CPU.ActiveCfg = Release|Any CPU
		{9F75BE5A-03BB-4053-9EC6-F880E8D40934}.Release|Any CPU.Build.0 = Release|Any CPU
		{6770EE5E-45A1-40CA-8F5E-DA7BDEF4A66B}.Debug|Any CPU.ActiveCfg = Debug|Any CPU
		{6770EE5E-45A1-40CA-8F5E-DA7BDEF4A66B}.Debug|Any CPU.Build.0 = Debug|Any CPU
		{6770EE5E-45A1-40CA-8F5E-DA7BDEF4A66B}.Release|Any CPU.ActiveCfg = Release|Any CPU
		{6770EE5E-45A1-40CA-8F5E-DA7BDEF4A66B}.Release|Any CPU.Build.0 = Release|Any CPU
	EndGlobalSection
	GlobalSection(SolutionProperties) = preSolution
		HideSolutionNode = FALSE
	EndGlobalSection
	GlobalSection(NestedProjects) = preSolution
		{C9048060-CCB1-4011-927D-46E02590D122} = {7BBC0486-D4C0-4DBA-8603-C275C8B5C6AC}
		{83FAFB8F-475C-44C7-8F24-D8FE58F13287} = {7BBC0486-D4C0-4DBA-8603-C275C8B5C6AC}
		{0AEE8765-1664-4FE9-9D6F-E9547B7C6850} = {2CFE28D6-9FB4-48DF-A278-C6E840FF0146}
		{C7D09964-39DC-447A-AAB3-39C2BCF07192} = {2CFE28D6-9FB4-48DF-A278-C6E840FF0146}
		{999906BF-3FCF-4E97-BADE-9D24AB1DB594} = {2CFE28D6-9FB4-48DF-A278-C6E840FF0146}
		{074B511B-4D30-4E03-92F3-6C8B231C08DE} = {2CFE28D6-9FB4-48DF-A278-C6E840FF0146}
		{14C2C488-0CA0-4E31-9F44-BEA415266D05} = {2CFE28D6-9FB4-48DF-A278-C6E840FF0146}
		{F0CB4CDE-5C97-4718-B2EE-25DAC86B5976} = {2CFE28D6-9FB4-48DF-A278-C6E840FF0146}
		{70F16094-3C67-44F9-BE00-7C073A454E51} = {2CFE28D6-9FB4-48DF-A278-C6E840FF0146}
		{51DA2263-EE12-4E39-AEDA-284F84982A5E} = {20288157-E989-4AD8-B596-88F953E9DD61}
		{5F5B8822-9D8F-49F9-A585-4C9AF46C6031} = {20288157-E989-4AD8-B596-88F953E9DD61}
		{14D15710-1269-4040-AE7A-077A65DF8BA2} = {20288157-E989-4AD8-B596-88F953E9DD61}
		{307E0684-CF29-4560-A3A4-14D6511F7C53} = {20288157-E989-4AD8-B596-88F953E9DD61}
		{468F3611-C8C7-4F39-8B59-BFF080198ED1} = {20288157-E989-4AD8-B596-88F953E9DD61}
		{A4FF0181-3CC1-4281-BB1F-3D59BA73CD84} = {20288157-E989-4AD8-B596-88F953E9DD61}
		{6CB4B927-4643-4197-91B9-DFC9384F912D} = {20288157-E989-4AD8-B596-88F953E9DD61}
		{D3B373BE-1BD9-4CB0-A6BA-EE703AB6E7E6} = {20288157-E989-4AD8-B596-88F953E9DD61}
		{CF0CE696-DF9A-4A9B-B9A7-F851A0274C84} = {E9539BBA-5E92-4841-BEB0-7079D680A729}
		{A2E13CE9-6C81-4907-AAF0-57CC4BFAE0C0} = {E9539BBA-5E92-4841-BEB0-7079D680A729}
		{0C699C2C-B198-421D-B7B4-4A57A8F79FD5} = {E9539BBA-5E92-4841-BEB0-7079D680A729}
		{F734577F-06E6-4B14-99C8-7DF8314A3B36} = {E9539BBA-5E92-4841-BEB0-7079D680A729}
		{CA61BCC9-FF5C-4D66-89F8-58670EDE82C5} = {E9539BBA-5E92-4841-BEB0-7079D680A729}
		{9F75BE5A-03BB-4053-9EC6-F880E8D40934} = {E9539BBA-5E92-4841-BEB0-7079D680A729}
		{6770EE5E-45A1-40CA-8F5E-DA7BDEF4A66B} = {E9539BBA-5E92-4841-BEB0-7079D680A729}
	EndGlobalSection
	GlobalSection(ExtensibilityGlobals) = postSolution
		SolutionGuid = {81AFB23F-2624-4124-9834-CE7361E60423}
	EndGlobalSection
EndGlobal
