
Microsoft Visual Studio Solution File, Format Version 12.00
# Visual Studio Version 17
VisualStudioVersion = 17.5.33530.505
MinimumVisualStudioVersion = 10.0.40219.1
Project("{2150E333-8FDC-42A3-9474-1A3956D46DE8}") = "week1", "week1", "{7BBC0486-D4C0-4DBA-8603-C275C8B5C6AC}"
EndProject
Project("{9A19103F-16F7-4668-BE54-9A1E7A4F7556}") = "datatypes-operators", "datatypes-operators-loop\datatypes-operators.csproj", "{C9048060-CCB1-4011-927D-46E02590D122}"
EndProject
Project("{9A19103F-16F7-4668-BE54-9A1E7A4F7556}") = "loop", "loop\loop.csproj", "{83FAFB8F-475C-44C7-8F24-D8FE58F13287}"
EndProject
Project("{2150E333-8FDC-42A3-9474-1A3956D46DE8}") = "week2", "week2", "{2CFE28D6-9FB4-48DF-A278-C6E840FF0146}"
EndProject
Project("{9A19103F-16F7-4668-BE54-9A1E7A4F7556}") = "function", "function\function.csproj", "{0AEE8765-1664-4FE9-9D6F-E9547B7C6850}"
EndProject
Project("{9A19103F-16F7-4668-BE54-9A1E7A4F7556}") = "array", "array\array.csproj", "{C7D09964-39DC-447A-AAB3-39C2BCF07192}"
EndProject
Project("{9A19103F-16F7-4668-BE54-9A1E7A4F7556}") = "processor", "processor\processor.csproj", "{999906BF-3FCF-4E97-BADE-9D24AB1DB594}"
EndProject
Project("{9A19103F-16F7-4668-BE54-9A1E7A4F7556}") = "class_array", "class_array\class_array.csproj", "{074B511B-4D30-4E03-92F3-6C8B231C08DE}"
EndProject
Project("{9A19103F-16F7-4668-BE54-9A1E7A4F7556}") = "download", "download\download.csproj", "{14C2C488-0CA0-4E31-9F44-BEA415266D05}"
EndProject
Project("{9A19103F-16F7-4668-BE54-9A1E7A4F7556}") = "essential", "essential\essential.csproj", "{F0CB4CDE-5C97-4718-B2EE-25DAC86B5976}"
EndProject
Project("{9A19103F-16F7-4668-BE54-9A1E7A4F7556}") = "enum", "enum\enum.csproj", "{70F16094-3C67-44F9-BE00-7C073A454E51}"
EndProject
Project("{2150E333-8FDC-42A3-9474-1A3956D46DE8}") = "week3", "week3", "{ABC1C676-4773-4ECA-B867-715C3033C4D7}"
EndProject
Project("{FAE04EC0-301F-11D3-BF4B-00C04F79EFBC}") = "oop", "oop\oop.csproj", "{8CE7D02A-1C48-48FB-A04D-E949C3198768}"
EndProject
Global
	GlobalSection(SolutionConfigurationPlatforms) = preSolution
		Debug|Any CPU = Debug|Any CPU
		Release|Any CPU = Release|Any CPU
	EndGlobalSection
	GlobalSection(ProjectConfigurationPlatforms) = postSolution
		{C9048060-CCB1-4011-927D-46E02590D122}.Debug|Any CPU.ActiveCfg = Debug|Any CPU
		{C9048060-CCB1-4011-927D-46E02590D122}.Debug|Any CPU.Build.0 = Debug|Any CPU
		{C9048060-CCB1-4011-927D-46E02590D122}.Release|Any CPU.ActiveCfg = Release|Any CPU
		{C9048060-CCB1-4011-927D-46E02590D122}.Release|Any CPU.Build.0 = Release|Any CPU
		{83FAFB8F-475C-44C7-8F24-D8FE58F13287}.Debug|Any CPU.ActiveCfg = Debug|Any CPU
		{83FAFB8F-475C-44C7-8F24-D8FE58F13287}.Debug|Any CPU.Build.0 = Debug|Any CPU
		{83FAFB8F-475C-44C7-8F24-D8FE58F13287}.Release|Any CPU.ActiveCfg = Release|Any CPU
		{83FAFB8F-475C-44C7-8F24-D8FE58F13287}.Release|Any CPU.Build.0 = Release|Any CPU
		{0AEE8765-1664-4FE9-9D6F-E9547B7C6850}.Debug|Any CPU.ActiveCfg = Debug|Any CPU
		{0AEE8765-1664-4FE9-9D6F-E9547B7C6850}.Debug|Any CPU.Build.0 = Debug|Any CPU
		{0AEE8765-1664-4FE9-9D6F-E9547B7C6850}.Release|Any CPU.ActiveCfg = Release|Any CPU
		{0AEE8765-1664-4FE9-9D6F-E9547B7C6850}.Release|Any CPU.Build.0 = Release|Any CPU
		{C7D09964-39DC-447A-AAB3-39C2BCF07192}.Debug|Any CPU.ActiveCfg = Debug|Any CPU
		{C7D09964-39DC-447A-AAB3-39C2BCF07192}.Debug|Any CPU.Build.0 = Debug|Any CPU
		{C7D09964-39DC-447A-AAB3-39C2BCF07192}.Release|Any CPU.ActiveCfg = Release|Any CPU
		{C7D09964-39DC-447A-AAB3-39C2BCF07192}.Release|Any CPU.Build.0 = Release|Any CPU
		{999906BF-3FCF-4E97-BADE-9D24AB1DB594}.Debug|Any CPU.ActiveCfg = Debug|Any CPU
		{999906BF-3FCF-4E97-BADE-9D24AB1DB594}.Debug|Any CPU.Build.0 = Debug|Any CPU
		{999906BF-3FCF-4E97-BADE-9D24AB1DB594}.Release|Any CPU.ActiveCfg = Release|Any CPU
		{999906BF-3FCF-4E97-BADE-9D24AB1DB594}.Release|Any CPU.Build.0 = Release|Any CPU
		{074B511B-4D30-4E03-92F3-6C8B231C08DE}.Debug|Any CPU.ActiveCfg = Debug|Any CPU
		{074B511B-4D30-4E03-92F3-6C8B231C08DE}.Debug|Any CPU.Build.0 = Debug|Any CPU
		{074B511B-4D30-4E03-92F3-6C8B231C08DE}.Release|Any CPU.ActiveCfg = Release|Any CPU
		{074B511B-4D30-4E03-92F3-6C8B231C08DE}.Release|Any CPU.Build.0 = Release|Any CPU
		{14C2C488-0CA0-4E31-9F44-BEA415266D05}.Debug|Any CPU.ActiveCfg = Debug|Any CPU
		{14C2C488-0CA0-4E31-9F44-BEA415266D05}.Debug|Any CPU.Build.0 = Debug|Any CPU
		{14C2C488-0CA0-4E31-9F44-BEA415266D05}.Release|Any CPU.ActiveCfg = Release|Any CPU
		{14C2C488-0CA0-4E31-9F44-BEA415266D05}.Release|Any CPU.Build.0 = Release|Any CPU
		{F0CB4CDE-5C97-4718-B2EE-25DAC86B5976}.Debug|Any CPU.ActiveCfg = Debug|Any CPU
		{F0CB4CDE-5C97-4718-B2EE-25DAC86B5976}.Debug|Any CPU.Build.0 = Debug|Any CPU
		{F0CB4CDE-5C97-4718-B2EE-25DAC86B5976}.Release|Any CPU.ActiveCfg = Release|Any CPU
		{F0CB4CDE-5C97-4718-B2EE-25DAC86B5976}.Release|Any CPU.Build.0 = Release|Any CPU
		{70F16094-3C67-44F9-BE00-7C073A454E51}.Debug|Any CPU.ActiveCfg = Debug|Any CPU
		{70F16094-3C67-44F9-BE00-7C073A454E51}.Debug|Any CPU.Build.0 = Debug|Any CPU
		{70F16094-3C67-44F9-BE00-7C073A454E51}.Release|Any CPU.ActiveCfg = Release|Any CPU
		{70F16094-3C67-44F9-BE00-7C073A454E51}.Release|Any CPU.Build.0 = Release|Any CPU
		{8CE7D02A-1C48-48FB-A04D-E949C3198768}.Debug|Any CPU.ActiveCfg = Debug|Any CPU
		{8CE7D02A-1C48-48FB-A04D-E949C3198768}.Debug|Any CPU.Build.0 = Debug|Any CPU
		{8CE7D02A-1C48-48FB-A04D-E949C3198768}.Release|Any CPU.ActiveCfg = Release|Any CPU
		{8CE7D02A-1C48-48FB-A04D-E949C3198768}.Release|Any CPU.Build.0 = Release|Any CPU
	EndGlobalSection
	GlobalSection(SolutionProperties) = preSolution
		HideSolutionNode = FALSE
	EndGlobalSection
	GlobalSection(NestedProjects) = preSolution
		{C9048060-CCB1-4011-927D-46E02590D122} = {7BBC0486-D4C0-4DBA-8603-C275C8B5C6AC}
		{83FAFB8F-475C-44C7-8F24-D8FE58F13287} = {7BBC0486-D4C0-4DBA-8603-C275C8B5C6AC}
		{0AEE8765-1664-4FE9-9D6F-E9547B7C6850} = {2CFE28D6-9FB4-48DF-A278-C6E840FF0146}
		{C7D09964-39DC-447A-AAB3-39C2BCF07192} = {2CFE28D6-9FB4-48DF-A278-C6E840FF0146}
		{999906BF-3FCF-4E97-BADE-9D24AB1DB594} = {2CFE28D6-9FB4-48DF-A278-C6E840FF0146}
		{074B511B-4D30-4E03-92F3-6C8B231C08DE} = {2CFE28D6-9FB4-48DF-A278-C6E840FF0146}
		{14C2C488-0CA0-4E31-9F44-BEA415266D05} = {2CFE28D6-9FB4-48DF-A278-C6E840FF0146}
		{F0CB4CDE-5C97-4718-B2EE-25DAC86B5976} = {2CFE28D6-9FB4-48DF-A278-C6E840FF0146}
		{70F16094-3C67-44F9-BE00-7C073A454E51} = {2CFE28D6-9FB4-48DF-A278-C6E840FF0146}
		{8CE7D02A-1C48-48FB-A04D-E949C3198768} = {ABC1C676-4773-4ECA-B867-715C3033C4D7}
	EndGlobalSection
	GlobalSection(ExtensibilityGlobals) = postSolution
		SolutionGuid = {81AFB23F-2624-4124-9834-CE7361E60423}
	EndGlobalSection
EndGlobal
