
Microsoft Visual Studio Solution File, Format Version 12.00
# Visual Studio Version 17
VisualStudioVersion = 17.5.33530.505
MinimumVisualStudioVersion = 10.0.40219.1
Project("{2150E333-8FDC-42A3-9474-1A3956D46DE8}") = "week1", "week1", "{7BBC0486-D4C0-4DBA-8603-C275C8B5C6AC}"
EndProject
Project("{9A19103F-16F7-4668-BE54-9A1E7A4F7556}") = "datatypes-operators", "datatypes-operators-loop\datatypes-operators.csproj", "{C9048060-CCB1-4011-927D-46E02590D122}"
EndProject
Project("{9A19103F-16F7-4668-BE54-9A1E7A4F7556}") = "loop", "loop\loop.csproj", "{83FAFB8F-475C-44C7-8F24-D8FE58F13287}"
EndProject
Project("{2150E333-8FDC-42A3-9474-1A3956D46DE8}") = "week2", "week2", "{2CFE28D6-9FB4-48DF-A278-C6E840FF0146}"
EndProject
Project("{9A19103F-16F7-4668-BE54-9A1E7A4F7556}") = "function", "function\function.csproj", "{0AEE8765-1664-4FE9-9D6F-E9547B7C6850}"
EndProject
Project("{FAE04EC0-301F-11D3-BF4B-00C04F79EFBC}") = "array", "array\array.csproj", "{C7D09964-39DC-447A-AAB3-39C2BCF07192}"
EndProject
Global
	GlobalSection(SolutionConfigurationPlatforms) = preSolution
		Debug|Any CPU = Debug|Any CPU
		Release|Any CPU = Release|Any CPU
	EndGlobalSection
	GlobalSection(ProjectConfigurationPlatforms) = postSolution
		{C9048060-CCB1-4011-927D-46E02590D122}.Debug|Any CPU.ActiveCfg = Debug|Any CPU
		{C9048060-CCB1-4011-927D-46E02590D122}.Debug|Any CPU.Build.0 = Debug|Any CPU
		{C9048060-CCB1-4011-927D-46E02590D122}.Release|Any CPU.ActiveCfg = Release|Any CPU
		{C9048060-CCB1-4011-927D-46E02590D122}.Release|Any CPU.Build.0 = Release|Any CPU
		{83FAFB8F-475C-44C7-8F24-D8FE58F13287}.Debug|Any CPU.ActiveCfg = Debug|Any CPU
		{83FAFB8F-475C-44C7-8F24-D8FE58F13287}.Debug|Any CPU.Build.0 = Debug|Any CPU
		{83FAFB8F-475C-44C7-8F24-D8FE58F13287}.Release|Any CPU.ActiveCfg = Release|Any CPU
		{83FAFB8F-475C-44C7-8F24-D8FE58F13287}.Release|Any CPU.Build.0 = Release|Any CPU
		{0AEE8765-1664-4FE9-9D6F-E9547B7C6850}.Debug|Any CPU.ActiveCfg = Debug|Any CPU
		{0AEE8765-1664-4FE9-9D6F-E9547B7C6850}.Debug|Any CPU.Build.0 = Debug|Any CPU
		{0AEE8765-1664-4FE9-9D6F-E9547B7C6850}.Release|Any CPU.ActiveCfg = Release|Any CPU
		{0AEE8765-1664-4FE9-9D6F-E9547B7C6850}.Release|Any CPU.Build.0 = Release|Any CPU
		{C7D09964-39DC-447A-AAB3-39C2BCF07192}.Debug|Any CPU.ActiveCfg = Debug|Any CPU
		{C7D09964-39DC-447A-AAB3-39C2BCF07192}.Debug|Any CPU.Build.0 = Debug|Any CPU
		{C7D09964-39DC-447A-AAB3-39C2BCF07192}.Release|Any CPU.ActiveCfg = Release|Any CPU
		{C7D09964-39DC-447A-AAB3-39C2BCF07192}.Release|Any CPU.Build.0 = Release|Any CPU
	EndGlobalSection
	GlobalSection(SolutionProperties) = preSolution
		HideSolutionNode = FALSE
	EndGlobalSection
	GlobalSection(NestedProjects) = preSolution
		{C9048060-CCB1-4011-927D-46E02590D122} = {7BBC0486-D4C0-4DBA-8603-C275C8B5C6AC}
		{83FAFB8F-475C-44C7-8F24-D8FE58F13287} = {7BBC0486-D4C0-4DBA-8603-C275C8B5C6AC}
		{0AEE8765-1664-4FE9-9D6F-E9547B7C6850} = {2CFE28D6-9FB4-48DF-A278-C6E840FF0146}
		{C7D09964-39DC-447A-AAB3-39C2BCF07192} = {2CFE28D6-9FB4-48DF-A278-C6E840FF0146}
	EndGlobalSection
	GlobalSection(ExtensibilityGlobals) = postSolution
		SolutionGuid = {81AFB23F-2624-4124-9834-CE7361E60423}
	EndGlobalSection
EndGlobal
