
Microsoft Visual Studio Solution File, Format Version 12.00
# Visual Studio Version 17
VisualStudioVersion = 17.5.33530.505
MinimumVisualStudioVersion = 10.0.40219.1
Project("{2150E333-8FDC-42A3-9474-1A3956D46DE8}") = "week1", "week1", "{7BBC0486-D4C0-4DBA-8603-C275C8B5C6AC}"
EndProject
Project("{9A19103F-16F7-4668-BE54-9A1E7A4F7556}") = "datatypes-operators", "datatypes-operators-loop\datatypes-operators.csproj", "{C9048060-CCB1-4011-927D-46E02590D122}"
EndProject
Project("{9A19103F-16F7-4668-BE54-9A1E7A4F7556}") = "loop", "loop\loop.csproj", "{83FAFB8F-475C-44C7-8F24-D8FE58F13287}"
EndProject
Project("{2150E333-8FDC-42A3-9474-1A3956D46DE8}") = "week2", "week2", "{2CFE28D6-9FB4-48DF-A278-C6E840FF0146}"
EndProject
Project("{9A19103F-16F7-4668-BE54-9A1E7A4F7556}") = "function", "function\function.csproj", "{0AEE8765-1664-4FE9-9D6F-E9547B7C6850}"
EndProject
Project("{9A19103F-16F7-4668-BE54-9A1E7A4F7556}") = "array", "array\array.csproj", "{C7D09964-39DC-447A-AAB3-39C2BCF07192}"
EndProject
Project("{9A19103F-16F7-4668-BE54-9A1E7A4F7556}") = "processor", "processor\processor.csproj", "{999906BF-3FCF-4E97-BADE-9D24AB1DB594}"
EndProject
Project("{9A19103F-16F7-4668-BE54-9A1E7A4F7556}") = "class_array", "class_array\class_array.csproj", "{074B511B-4D30-4E03-92F3-6C8B231C08DE}"
EndProject
Project("{9A19103F-16F7-4668-BE54-9A1E7A4F7556}") = "download", "download\download.csproj", "{14C2C488-0CA0-4E31-9F44-BEA415266D05}"
EndProject
Project("{9A19103F-16F7-4668-BE54-9A1E7A4F7556}") = "essential", "essential\essential.csproj", "{F0CB4CDE-5C97-4718-B2EE-25DAC86B5976}"
EndProject
Project("{9A19103F-16F7-4668-BE54-9A1E7A4F7556}") = "enum", "enum\enum.csproj", "{70F16094-3C67-44F9-BE00-7C073A454E51}"
EndProject
Project("{2150E333-8FDC-42A3-9474-1A3956D46DE8}") = "week3", "week3", "{20288157-E989-4AD8-B596-88F953E9DD61}"
EndProject
Project("{9A19103F-16F7-4668-BE54-9A1E7A4F7556}") = "opp", "opp\opp.csproj", "{51DA2263-EE12-4E39-AEDA-284F84982A5E}"
EndProject
Project("{9A19103F-16F7-4668-BE54-9A1E7A4F7556}") = "inherent", "inherent\inherent.csproj", "{5F5B8822-9D8F-49F9-A585-4C9AF46C6031}"
EndProject
Project("{9A19103F-16F7-4668-BE54-9A1E7A4F7556}") = "polymorphism", "polymorphism\polymorphism.csproj", "{14D15710-1269-4040-AE7A-077A65DF8BA2}"
EndProject
Project("{9A19103F-16F7-4668-BE54-9A1E7A4F7556}") = "interface_practise", "interface\interface_practise.csproj", "{307E0684-CF29-4560-A3A4-14D6511F7C53}"
EndProject
Project("{9A19103F-16F7-4668-BE54-9A1E7A4F7556}") = "interface_practice2", "interface_practice2\interface_practice2.csproj", "{468F3611-C8C7-4F39-8B59-BFF080198ED1}"
EndProject
Project("{9A19103F-16F7-4668-BE54-9A1E7A4F7556}") = "incupsulation", "incubsulation\incupsulation.csproj", "{A4FF0181-3CC1-4281-BB1F-3D59BA73CD84}"
EndProject
Project("{9A19103F-16F7-4668-BE54-9A1E7A4F7556}") = "abstarct_class", "abstarct_class\abstarct_class.csproj", "{6CB4B927-4643-4197-91B9-DFC9384F912D}"
EndProject
Project("{9A19103F-16F7-4668-BE54-9A1E7A4F7556}") = "trycatchfinally", "trycatchfinily\trycatchfinally.csproj", "{D3B373BE-1BD9-4CB0-A6BA-EE703AB6E7E6}"
EndProject
Project("{2150E333-8FDC-42A3-9474-1A3956D46DE8}") = "week4", "week4", "{E9539BBA-5E92-4841-BEB0-7079D680A729}"
EndProject
Project("{9A19103F-16F7-4668-BE54-9A1E7A4F7556}") = "string_stringBuilder", "string_stringBuilder\string_stringBuilder.csproj", "{CF0CE696-DF9A-4A9B-B9A7-F851A0274C84}"
EndProject
Project("{9A19103F-16F7-4668-BE54-9A1E7A4F7556}") = "list", "list\list.csproj", "{A2E13CE9-6C81-4907-AAF0-57CC4BFAE0C0}"
EndProject
Project("{9A19103F-16F7-4668-BE54-9A1E7A4F7556}") = "security", "security\security.csproj", "{0C699C2C-B198-421D-B7B4-4A57A8F79FD5}"
EndProject
Project("{9A19103F-16F7-4668-BE54-9A1E7A4F7556}") = "fully_list", "fully_list\fully_list.csproj", "{F734577F-06E6-4B14-99C8-7DF8314A3B36}"
EndProject
Project("{9A19103F-16F7-4668-BE54-9A1E7A4F7556}") = "json", "json\json.csproj", "{CA61BCC9-FF5C-4D66-89F8-58670EDE82C5}"
EndProject
Project("{9A19103F-16F7-4668-BE54-9A1E7A4F7556}") = "delegate", "delegate\delegate.csproj", "{9F75BE5A-03BB-4053-9EC6-F880E8D40934}"
EndProject
Project("{9A19103F-16F7-4668-BE54-9A1E7A4F7556}") = "file", "file\file.csproj", "{6770EE5E-45A1-40CA-8F5E-DA7BDEF4A66B}"
EndProject
Project("{2150E333-8FDC-42A3-9474-1A3956D46DE8}") = "winform", "winform", "{0A9DF7AF-D1CD-43CC-8374-C27B158422E7}"
EndProject
Project("{9A19103F-16F7-4668-BE54-9A1E7A4F7556}") = "winform_example_app", "winform_example_app\winform_example_app.csproj", "{A2E36BF9-BC40-4925-9CC2-1537AFE498ED}"
EndProject
Project("{2150E333-8FDC-42A3-9474-1A3956D46DE8}") = "winform2", "winform2", "{9F1896B8-33C1-4FE4-BCCD-91849C6E20FF}"
EndProject
Project("{9A19103F-16F7-4668-BE54-9A1E7A4F7556}") = "PictureSelctor", "PictureSelctor\PictureSelctor.csproj", "{CA30724E-8761-4835-8785-1CF13F29E79D}"
EndProject
Project("{2150E333-8FDC-42A3-9474-1A3956D46DE8}") = "XanderUI", "XanderUI", "{4D1C5268-D43A-4D22-9D10-7F5AD3029AE0}"
EndProject
Project("{FAE04EC0-301F-11D3-BF4B-00C04F79EFBC}") = "XanderUIDemoApp", "XanderUIDemoApp\XanderUIDemoApp.csproj", "{DAA0E952-8822-4007-A667-2FA9404779B5}"
EndProject
Project("{9A19103F-16F7-4668-BE54-9A1E7A4F7556}") = "thread", "thread\thread.csproj", "{23441F77-54C4-4E02-9230-915C2A2A5FE2}"
EndProject
Project("{9A19103F-16F7-4668-BE54-9A1E7A4F7556}") = "async_await", "async_await\async_await.csproj", "{225E647A-0E4C-4C44-80B2-915A5ACBFB43}"
EndProject
Project("{2150E333-8FDC-42A3-9474-1A3956D46DE8}") = "winformAsyncAwait", "winformAsyncAwait", "{BE9DA0DC-02B3-42E8-91FF-ACD0BAC716CE}"
EndProject
Project("{FAE04EC0-301F-11D3-BF4B-00C04F79EFBC}") = "asyncawait", "asyncawait\asyncawait.csproj", "{2219D36A-B371-4CC7-8E98-E6EA60299AEF}"
EndProject
Project("{2150E333-8FDC-42A3-9474-1A3956D46DE8}") = "HomeWorkFor4weeks", "HomeWorkFor4weeks", "{999A6BE2-2045-4187-82D8-5CF77344A054}"
EndProject
Project("{9A19103F-16F7-4668-BE54-9A1E7A4F7556}") = "ref_out_functions", "ref_for_5functions\ref_out_functions.csproj", "{7FD9AE17-AE2D-4E52-80C6-F32B5F2AF64C}"
EndProject
Project("{9A19103F-16F7-4668-BE54-9A1E7A4F7556}") = "struct_functions", "struct_functions\struct_functions.csproj", "{DE1FDF3D-2364-4447-B7E3-9FEE254E2CD6}"
EndProject
Project("{2150E333-8FDC-42A3-9474-1A3956D46DE8}") = "week5", "week5", "{298C3607-9A62-437E-980C-0FECD9E964D7}"
EndProject
Project("{9A19103F-16F7-4668-BE54-9A1E7A4F7556}") = "oveloading", "oveloading\oveloading.csproj", "{87B2AE3F-5FB5-45E8-8DF7-82D4CBA39F55}"
EndProject
Project("{9A19103F-16F7-4668-BE54-9A1E7A4F7556}") = "Linq", "Linq\Linq.csproj", "{24110D6C-869A-4081-98FA-472321E51294}"
EndProject
Project("{2150E333-8FDC-42A3-9474-1A3956D46DE8}") = "linqhomework", "linqhomework", "{DE6762F4-785A-4EF8-91B9-10F02911B5EC}"
EndProject
Project("{9A19103F-16F7-4668-BE54-9A1E7A4F7556}") = "homework_linq_1", "homework_linq\homework_linq_1.csproj", "{B8F43B1B-2319-4830-95E7-ED690E20D377}"
EndProject
Project("{9A19103F-16F7-4668-BE54-9A1E7A4F7556}") = "homework_linq_2", "homework_linq_2\homework_linq_2.csproj", "{E02E8DE3-998B-43CC-B906-C16E5518A234}"
EndProject
Project("{9A19103F-16F7-4668-BE54-9A1E7A4F7556}") = "homework_linq_3", "homework_linq_3\homework_linq_3.csproj", "{4613E083-582D-41D1-8B0A-86179AD1BFF6}"
EndProject
Project("{2150E333-8FDC-42A3-9474-1A3956D46DE8}") = "week7", "week7", "{F6305C1F-E959-49F5-A369-3F90189F4517}"
EndProject
Project("{9A19103F-16F7-4668-BE54-9A1E7A4F7556}") = "adonet", "adonet\adonet.csproj", "{694B678A-B279-4295-AA27-A3DB423A2E7B}"
EndProject
Project("{2150E333-8FDC-42A3-9474-1A3956D46DE8}") = "week8", "week8", "{E08C3A32-0520-474C-997C-48F85967CE5E}"
EndProject
Project("{9A19103F-16F7-4668-BE54-9A1E7A4F7556}") = "EfCore", "EfCore\EfCore.csproj", "{5298B1B2-6319-4601-9ED7-A984EE1C8FED}"
EndProject
Project("{FAE04EC0-301F-11D3-BF4B-00C04F79EFBC}") = "EfCoreAdvamced", "EfCoreAdvamced\EfCoreAdvamced.csproj", "{8ACF8A08-1F0E-41E2-933B-4C6E08288686}"
EndProject
Global
	GlobalSection(SolutionConfigurationPlatforms) = preSolution
		Debug|Any CPU = Debug|Any CPU
		Release|Any CPU = Release|Any CPU
	EndGlobalSection
	GlobalSection(ProjectConfigurationPlatforms) = postSolution
		{C9048060-CCB1-4011-927D-46E02590D122}.Debug|Any CPU.ActiveCfg = Debug|Any CPU
		{C9048060-CCB1-4011-927D-46E02590D122}.Debug|Any CPU.Build.0 = Debug|Any CPU
		{C9048060-CCB1-4011-927D-46E02590D122}.Release|Any CPU.ActiveCfg = Release|Any CPU
		{C9048060-CCB1-4011-927D-46E02590D122}.Release|Any CPU.Build.0 = Release|Any CPU
		{83FAFB8F-475C-44C7-8F24-D8FE58F13287}.Debug|Any CPU.ActiveCfg = Debug|Any CPU
		{83FAFB8F-475C-44C7-8F24-D8FE58F13287}.Debug|Any CPU.Build.0 = Debug|Any CPU
		{83FAFB8F-475C-44C7-8F24-D8FE58F13287}.Release|Any CPU.ActiveCfg = Release|Any CPU
		{83FAFB8F-475C-44C7-8F24-D8FE58F13287}.Release|Any CPU.Build.0 = Release|Any CPU
		{0AEE8765-1664-4FE9-9D6F-E9547B7C6850}.Debug|Any CPU.ActiveCfg = Debug|Any CPU
		{0AEE8765-1664-4FE9-9D6F-E9547B7C6850}.Debug|Any CPU.Build.0 = Debug|Any CPU
		{0AEE8765-1664-4FE9-9D6F-E9547B7C6850}.Release|Any CPU.ActiveCfg = Release|Any CPU
		{0AEE8765-1664-4FE9-9D6F-E9547B7C6850}.Release|Any CPU.Build.0 = Release|Any CPU
		{C7D09964-39DC-447A-AAB3-39C2BCF07192}.Debug|Any CPU.ActiveCfg = Debug|Any CPU
		{C7D09964-39DC-447A-AAB3-39C2BCF07192}.Debug|Any CPU.Build.0 = Debug|Any CPU
		{C7D09964-39DC-447A-AAB3-39C2BCF07192}.Release|Any CPU.ActiveCfg = Release|Any CPU
		{C7D09964-39DC-447A-AAB3-39C2BCF07192}.Release|Any CPU.Build.0 = Release|Any CPU
		{999906BF-3FCF-4E97-BADE-9D24AB1DB594}.Debug|Any CPU.ActiveCfg = Debug|Any CPU
		{999906BF-3FCF-4E97-BADE-9D24AB1DB594}.Debug|Any CPU.Build.0 = Debug|Any CPU
		{999906BF-3FCF-4E97-BADE-9D24AB1DB594}.Release|Any CPU.ActiveCfg = Release|Any CPU
		{999906BF-3FCF-4E97-BADE-9D24AB1DB594}.Release|Any CPU.Build.0 = Release|Any CPU
		{074B511B-4D30-4E03-92F3-6C8B231C08DE}.Debug|Any CPU.ActiveCfg = Debug|Any CPU
		{074B511B-4D30-4E03-92F3-6C8B231C08DE}.Debug|Any CPU.Build.0 = Debug|Any CPU
		{074B511B-4D30-4E03-92F3-6C8B231C08DE}.Release|Any CPU.ActiveCfg = Release|Any CPU
		{074B511B-4D30-4E03-92F3-6C8B231C08DE}.Release|Any CPU.Build.0 = Release|Any CPU
		{14C2C488-0CA0-4E31-9F44-BEA415266D05}.Debug|Any CPU.ActiveCfg = Debug|Any CPU
		{14C2C488-0CA0-4E31-9F44-BEA415266D05}.Debug|Any CPU.Build.0 = Debug|Any CPU
		{14C2C488-0CA0-4E31-9F44-BEA415266D05}.Release|Any CPU.ActiveCfg = Release|Any CPU
		{14C2C488-0CA0-4E31-9F44-BEA415266D05}.Release|Any CPU.Build.0 = Release|Any CPU
		{F0CB4CDE-5C97-4718-B2EE-25DAC86B5976}.Debug|Any CPU.ActiveCfg = Debug|Any CPU
		{F0CB4CDE-5C97-4718-B2EE-25DAC86B5976}.Debug|Any CPU.Build.0 = Debug|Any CPU
		{F0CB4CDE-5C97-4718-B2EE-25DAC86B5976}.Release|Any CPU.ActiveCfg = Release|Any CPU
		{F0CB4CDE-5C97-4718-B2EE-25DAC86B5976}.Release|Any CPU.Build.0 = Release|Any CPU
		{70F16094-3C67-44F9-BE00-7C073A454E51}.Debug|Any CPU.ActiveCfg = Debug|Any CPU
		{70F16094-3C67-44F9-BE00-7C073A454E51}.Debug|Any CPU.Build.0 = Debug|Any CPU
		{70F16094-3C67-44F9-BE00-7C073A454E51}.Release|Any CPU.ActiveCfg = Release|Any CPU
		{70F16094-3C67-44F9-BE00-7C073A454E51}.Release|Any CPU.Build.0 = Release|Any CPU
		{51DA2263-EE12-4E39-AEDA-284F84982A5E}.Debug|Any CPU.ActiveCfg = Debug|Any CPU
		{51DA2263-EE12-4E39-AEDA-284F84982A5E}.Debug|Any CPU.Build.0 = Debug|Any CPU
		{51DA2263-EE12-4E39-AEDA-284F84982A5E}.Release|Any CPU.ActiveCfg = Release|Any CPU
		{51DA2263-EE12-4E39-AEDA-284F84982A5E}.Release|Any CPU.Build.0 = Release|Any CPU
		{5F5B8822-9D8F-49F9-A585-4C9AF46C6031}.Debug|Any CPU.ActiveCfg = Debug|Any CPU
		{5F5B8822-9D8F-49F9-A585-4C9AF46C6031}.Debug|Any CPU.Build.0 = Debug|Any CPU
		{5F5B8822-9D8F-49F9-A585-4C9AF46C6031}.Release|Any CPU.ActiveCfg = Release|Any CPU
		{5F5B8822-9D8F-49F9-A585-4C9AF46C6031}.Release|Any CPU.Build.0 = Release|Any CPU
		{14D15710-1269-4040-AE7A-077A65DF8BA2}.Debug|Any CPU.ActiveCfg = Debug|Any CPU
		{14D15710-1269-4040-AE7A-077A65DF8BA2}.Debug|Any CPU.Build.0 = Debug|Any CPU
		{14D15710-1269-4040-AE7A-077A65DF8BA2}.Release|Any CPU.ActiveCfg = Release|Any CPU
		{14D15710-1269-4040-AE7A-077A65DF8BA2}.Release|Any CPU.Build.0 = Release|Any CPU
		{307E0684-CF29-4560-A3A4-14D6511F7C53}.Debug|Any CPU.ActiveCfg = Debug|Any CPU
		{307E0684-CF29-4560-A3A4-14D6511F7C53}.Debug|Any CPU.Build.0 = Debug|Any CPU
		{307E0684-CF29-4560-A3A4-14D6511F7C53}.Release|Any CPU.ActiveCfg = Release|Any CPU
		{307E0684-CF29-4560-A3A4-14D6511F7C53}.Release|Any CPU.Build.0 = Release|Any CPU
		{468F3611-C8C7-4F39-8B59-BFF080198ED1}.Debug|Any CPU.ActiveCfg = Debug|Any CPU
		{468F3611-C8C7-4F39-8B59-BFF080198ED1}.Debug|Any CPU.Build.0 = Debug|Any CPU
		{468F3611-C8C7-4F39-8B59-BFF080198ED1}.Release|Any CPU.ActiveCfg = Release|Any CPU
		{468F3611-C8C7-4F39-8B59-BFF080198ED1}.Release|Any CPU.Build.0 = Release|Any CPU
		{A4FF0181-3CC1-4281-BB1F-3D59BA73CD84}.Debug|Any CPU.ActiveCfg = Debug|Any CPU
		{A4FF0181-3CC1-4281-BB1F-3D59BA73CD84}.Debug|Any CPU.Build.0 = Debug|Any CPU
		{A4FF0181-3CC1-4281-BB1F-3D59BA73CD84}.Release|Any CPU.ActiveCfg = Release|Any CPU
		{A4FF0181-3CC1-4281-BB1F-3D59BA73CD84}.Release|Any CPU.Build.0 = Release|Any CPU
		{6CB4B927-4643-4197-91B9-DFC9384F912D}.Debug|Any CPU.ActiveCfg = Debug|Any CPU
		{6CB4B927-4643-4197-91B9-DFC9384F912D}.Debug|Any CPU.Build.0 = Debug|Any CPU
		{6CB4B927-4643-4197-91B9-DFC9384F912D}.Release|Any CPU.ActiveCfg = Release|Any CPU
		{6CB4B927-4643-4197-91B9-DFC9384F912D}.Release|Any CPU.Build.0 = Release|Any CPU
		{D3B373BE-1BD9-4CB0-A6BA-EE703AB6E7E6}.Debug|Any CPU.ActiveCfg = Debug|Any CPU
		{D3B373BE-1BD9-4CB0-A6BA-EE703AB6E7E6}.Debug|Any CPU.Build.0 = Debug|Any CPU
		{D3B373BE-1BD9-4CB0-A6BA-EE703AB6E7E6}.Release|Any CPU.ActiveCfg = Release|Any CPU
		{D3B373BE-1BD9-4CB0-A6BA-EE703AB6E7E6}.Release|Any CPU.Build.0 = Release|Any CPU
		{CF0CE696-DF9A-4A9B-B9A7-F851A0274C84}.Debug|Any CPU.ActiveCfg = Debug|Any CPU
		{CF0CE696-DF9A-4A9B-B9A7-F851A0274C84}.Debug|Any CPU.Build.0 = Debug|Any CPU
		{CF0CE696-DF9A-4A9B-B9A7-F851A0274C84}.Release|Any CPU.ActiveCfg = Release|Any CPU
		{CF0CE696-DF9A-4A9B-B9A7-F851A0274C84}.Release|Any CPU.Build.0 = Release|Any CPU
		{A2E13CE9-6C81-4907-AAF0-57CC4BFAE0C0}.Debug|Any CPU.ActiveCfg = Debug|Any CPU
		{A2E13CE9-6C81-4907-AAF0-57CC4BFAE0C0}.Debug|Any CPU.Build.0 = Debug|Any CPU
		{A2E13CE9-6C81-4907-AAF0-57CC4BFAE0C0}.Release|Any CPU.ActiveCfg = Release|Any CPU
		{A2E13CE9-6C81-4907-AAF0-57CC4BFAE0C0}.Release|Any CPU.Build.0 = Release|Any CPU
		{0C699C2C-B198-421D-B7B4-4A57A8F79FD5}.Debug|Any CPU.ActiveCfg = Debug|Any CPU
		{0C699C2C-B198-421D-B7B4-4A57A8F79FD5}.Debug|Any CPU.Build.0 = Debug|Any CPU
		{0C699C2C-B198-421D-B7B4-4A57A8F79FD5}.Release|Any CPU.ActiveCfg = Release|Any CPU
		{0C699C2C-B198-421D-B7B4-4A57A8F79FD5}.Release|Any CPU.Build.0 = Release|Any CPU
		{F734577F-06E6-4B14-99C8-7DF8314A3B36}.Debug|Any CPU.ActiveCfg = Debug|Any CPU
		{F734577F-06E6-4B14-99C8-7DF8314A3B36}.Debug|Any CPU.Build.0 = Debug|Any CPU
		{F734577F-06E6-4B14-99C8-7DF8314A3B36}.Release|Any CPU.ActiveCfg = Release|Any CPU
		{F734577F-06E6-4B14-99C8-7DF8314A3B36}.Release|Any CPU.Build.0 = Release|Any CPU
		{CA61BCC9-FF5C-4D66-89F8-58670EDE82C5}.Debug|Any CPU.ActiveCfg = Debug|Any CPU
		{CA61BCC9-FF5C-4D66-89F8-58670EDE82C5}.Debug|Any CPU.Build.0 = Debug|Any CPU
		{CA61BCC9-FF5C-4D66-89F8-58670EDE82C5}.Release|Any CPU.ActiveCfg = Release|Any CPU
		{CA61BCC9-FF5C-4D66-89F8-58670EDE82C5}.Release|Any CPU.Build.0 = Release|Any CPU
		{9F75BE5A-03BB-4053-9EC6-F880E8D40934}.Debug|Any CPU.ActiveCfg = Debug|Any CPU
		{9F75BE5A-03BB-4053-9EC6-F880E8D40934}.Debug|Any CPU.Build.0 = Debug|Any CPU
		{9F75BE5A-03BB-4053-9EC6-F880E8D40934}.Release|Any CPU.ActiveCfg = Release|Any CPU
		{9F75BE5A-03BB-4053-9EC6-F880E8D40934}.Release|Any CPU.Build.0 = Release|Any CPU
		{6770EE5E-45A1-40CA-8F5E-DA7BDEF4A66B}.Debug|Any CPU.ActiveCfg = Debug|Any CPU
		{6770EE5E-45A1-40CA-8F5E-DA7BDEF4A66B}.Debug|Any CPU.Build.0 = Debug|Any CPU
		{6770EE5E-45A1-40CA-8F5E-DA7BDEF4A66B}.Release|Any CPU.ActiveCfg = Release|Any CPU
		{6770EE5E-45A1-40CA-8F5E-DA7BDEF4A66B}.Release|Any CPU.Build.0 = Release|Any CPU
		{A2E36BF9-BC40-4925-9CC2-1537AFE498ED}.Debug|Any CPU.ActiveCfg = Debug|Any CPU
		{A2E36BF9-BC40-4925-9CC2-1537AFE498ED}.Debug|Any CPU.Build.0 = Debug|Any CPU
		{A2E36BF9-BC40-4925-9CC2-1537AFE498ED}.Release|Any CPU.ActiveCfg = Release|Any CPU
		{A2E36BF9-BC40-4925-9CC2-1537AFE498ED}.Release|Any CPU.Build.0 = Release|Any CPU
		{CA30724E-8761-4835-8785-1CF13F29E79D}.Debug|Any CPU.ActiveCfg = Debug|Any CPU
		{CA30724E-8761-4835-8785-1CF13F29E79D}.Debug|Any CPU.Build.0 = Debug|Any CPU
		{CA30724E-8761-4835-8785-1CF13F29E79D}.Release|Any CPU.ActiveCfg = Release|Any CPU
		{CA30724E-8761-4835-8785-1CF13F29E79D}.Release|Any CPU.Build.0 = Release|Any CPU
		{DAA0E952-8822-4007-A667-2FA9404779B5}.Debug|Any CPU.ActiveCfg = Debug|Any CPU
		{DAA0E952-8822-4007-A667-2FA9404779B5}.Debug|Any CPU.Build.0 = Debug|Any CPU
		{DAA0E952-8822-4007-A667-2FA9404779B5}.Release|Any CPU.ActiveCfg = Release|Any CPU
		{DAA0E952-8822-4007-A667-2FA9404779B5}.Release|Any CPU.Build.0 = Release|Any CPU
		{23441F77-54C4-4E02-9230-915C2A2A5FE2}.Debug|Any CPU.ActiveCfg = Debug|Any CPU
		{23441F77-54C4-4E02-9230-915C2A2A5FE2}.Debug|Any CPU.Build.0 = Debug|Any CPU
		{23441F77-54C4-4E02-9230-915C2A2A5FE2}.Release|Any CPU.ActiveCfg = Release|Any CPU
		{23441F77-54C4-4E02-9230-915C2A2A5FE2}.Release|Any CPU.Build.0 = Release|Any CPU
		{225E647A-0E4C-4C44-80B2-915A5ACBFB43}.Debug|Any CPU.ActiveCfg = Debug|Any CPU
		{225E647A-0E4C-4C44-80B2-915A5ACBFB43}.Debug|Any CPU.Build.0 = Debug|Any CPU
		{225E647A-0E4C-4C44-80B2-915A5ACBFB43}.Release|Any CPU.ActiveCfg = Release|Any CPU
		{225E647A-0E4C-4C44-80B2-915A5ACBFB43}.Release|Any CPU.Build.0 = Release|Any CPU
		{2219D36A-B371-4CC7-8E98-E6EA60299AEF}.Debug|Any CPU.ActiveCfg = Debug|Any CPU
		{2219D36A-B371-4CC7-8E98-E6EA60299AEF}.Debug|Any CPU.Build.0 = Debug|Any CPU
		{2219D36A-B371-4CC7-8E98-E6EA60299AEF}.Release|Any CPU.ActiveCfg = Release|Any CPU
		{2219D36A-B371-4CC7-8E98-E6EA60299AEF}.Release|Any CPU.Build.0 = Release|Any CPU
		{7FD9AE17-AE2D-4E52-80C6-F32B5F2AF64C}.Debug|Any CPU.ActiveCfg = Debug|Any CPU
		{7FD9AE17-AE2D-4E52-80C6-F32B5F2AF64C}.Debug|Any CPU.Build.0 = Debug|Any CPU
		{7FD9AE17-AE2D-4E52-80C6-F32B5F2AF64C}.Release|Any CPU.ActiveCfg = Release|Any CPU
		{7FD9AE17-AE2D-4E52-80C6-F32B5F2AF64C}.Release|Any CPU.Build.0 = Release|Any CPU
		{DE1FDF3D-2364-4447-B7E3-9FEE254E2CD6}.Debug|Any CPU.ActiveCfg = Debug|Any CPU
		{DE1FDF3D-2364-4447-B7E3-9FEE254E2CD6}.Debug|Any CPU.Build.0 = Debug|Any CPU
		{DE1FDF3D-2364-4447-B7E3-9FEE254E2CD6}.Release|Any CPU.ActiveCfg = Release|Any CPU
		{DE1FDF3D-2364-4447-B7E3-9FEE254E2CD6}.Release|Any CPU.Build.0 = Release|Any CPU
		{87B2AE3F-5FB5-45E8-8DF7-82D4CBA39F55}.Debug|Any CPU.ActiveCfg = Debug|Any CPU
		{87B2AE3F-5FB5-45E8-8DF7-82D4CBA39F55}.Debug|Any CPU.Build.0 = Debug|Any CPU
		{87B2AE3F-5FB5-45E8-8DF7-82D4CBA39F55}.Release|Any CPU.ActiveCfg = Release|Any CPU
		{87B2AE3F-5FB5-45E8-8DF7-82D4CBA39F55}.Release|Any CPU.Build.0 = Release|Any CPU
		{24110D6C-869A-4081-98FA-472321E51294}.Debug|Any CPU.ActiveCfg = Debug|Any CPU
		{24110D6C-869A-4081-98FA-472321E51294}.Debug|Any CPU.Build.0 = Debug|Any CPU
		{24110D6C-869A-4081-98FA-472321E51294}.Release|Any CPU.ActiveCfg = Release|Any CPU
		{24110D6C-869A-4081-98FA-472321E51294}.Release|Any CPU.Build.0 = Release|Any CPU
		{B8F43B1B-2319-4830-95E7-ED690E20D377}.Debug|Any CPU.ActiveCfg = Debug|Any CPU
		{B8F43B1B-2319-4830-95E7-ED690E20D377}.Debug|Any CPU.Build.0 = Debug|Any CPU
		{B8F43B1B-2319-4830-95E7-ED690E20D377}.Release|Any CPU.ActiveCfg = Release|Any CPU
		{B8F43B1B-2319-4830-95E7-ED690E20D377}.Release|Any CPU.Build.0 = Release|Any CPU
		{E02E8DE3-998B-43CC-B906-C16E5518A234}.Debug|Any CPU.ActiveCfg = Debug|Any CPU
		{E02E8DE3-998B-43CC-B906-C16E5518A234}.Debug|Any CPU.Build.0 = Debug|Any CPU
		{E02E8DE3-998B-43CC-B906-C16E5518A234}.Release|Any CPU.ActiveCfg = Release|Any CPU
		{E02E8DE3-998B-43CC-B906-C16E5518A234}.Release|Any CPU.Build.0 = Release|Any CPU
		{4613E083-582D-41D1-8B0A-86179AD1BFF6}.Debug|Any CPU.ActiveCfg = Debug|Any CPU
		{4613E083-582D-41D1-8B0A-86179AD1BFF6}.Debug|Any CPU.Build.0 = Debug|Any CPU
		{4613E083-582D-41D1-8B0A-86179AD1BFF6}.Release|Any CPU.ActiveCfg = Release|Any CPU
		{4613E083-582D-41D1-8B0A-86179AD1BFF6}.Release|Any CPU.Build.0 = Release|Any CPU
		{694B678A-B279-4295-AA27-A3DB423A2E7B}.Debug|Any CPU.ActiveCfg = Debug|Any CPU
		{694B678A-B279-4295-AA27-A3DB423A2E7B}.Debug|Any CPU.Build.0 = Debug|Any CPU
		{694B678A-B279-4295-AA27-A3DB423A2E7B}.Release|Any CPU.ActiveCfg = Release|Any CPU
		{694B678A-B279-4295-AA27-A3DB423A2E7B}.Release|Any CPU.Build.0 = Release|Any CPU
		{5298B1B2-6319-4601-9ED7-A984EE1C8FED}.Debug|Any CPU.ActiveCfg = Debug|Any CPU
		{5298B1B2-6319-4601-9ED7-A984EE1C8FED}.Debug|Any CPU.Build.0 = Debug|Any CPU
		{5298B1B2-6319-4601-9ED7-A984EE1C8FED}.Release|Any CPU.ActiveCfg = Release|Any CPU
		{5298B1B2-6319-4601-9ED7-A984EE1C8FED}.Release|Any CPU.Build.0 = Release|Any CPU
		{8ACF8A08-1F0E-41E2-933B-4C6E08288686}.Debug|Any CPU.ActiveCfg = Debug|Any CPU
		{8ACF8A08-1F0E-41E2-933B-4C6E08288686}.Debug|Any CPU.Build.0 = Debug|Any CPU
		{8ACF8A08-1F0E-41E2-933B-4C6E08288686}.Release|Any CPU.ActiveCfg = Release|Any CPU
		{8ACF8A08-1F0E-41E2-933B-4C6E08288686}.Release|Any CPU.Build.0 = Release|Any CPU
	EndGlobalSection
	GlobalSection(SolutionProperties) = preSolution
		HideSolutionNode = FALSE
	EndGlobalSection
	GlobalSection(NestedProjects) = preSolution
		{C9048060-CCB1-4011-927D-46E02590D122} = {7BBC0486-D4C0-4DBA-8603-C275C8B5C6AC}
		{83FAFB8F-475C-44C7-8F24-D8FE58F13287} = {7BBC0486-D4C0-4DBA-8603-C275C8B5C6AC}
		{0AEE8765-1664-4FE9-9D6F-E9547B7C6850} = {2CFE28D6-9FB4-48DF-A278-C6E840FF0146}
		{C7D09964-39DC-447A-AAB3-39C2BCF07192} = {2CFE28D6-9FB4-48DF-A278-C6E840FF0146}
		{999906BF-3FCF-4E97-BADE-9D24AB1DB594} = {2CFE28D6-9FB4-48DF-A278-C6E840FF0146}
		{074B511B-4D30-4E03-92F3-6C8B231C08DE} = {2CFE28D6-9FB4-48DF-A278-C6E840FF0146}
		{14C2C488-0CA0-4E31-9F44-BEA415266D05} = {2CFE28D6-9FB4-48DF-A278-C6E840FF0146}
		{F0CB4CDE-5C97-4718-B2EE-25DAC86B5976} = {2CFE28D6-9FB4-48DF-A278-C6E840FF0146}
		{70F16094-3C67-44F9-BE00-7C073A454E51} = {2CFE28D6-9FB4-48DF-A278-C6E840FF0146}
		{51DA2263-EE12-4E39-AEDA-284F84982A5E} = {20288157-E989-4AD8-B596-88F953E9DD61}
		{5F5B8822-9D8F-49F9-A585-4C9AF46C6031} = {20288157-E989-4AD8-B596-88F953E9DD61}
		{14D15710-1269-4040-AE7A-077A65DF8BA2} = {20288157-E989-4AD8-B596-88F953E9DD61}
		{307E0684-CF29-4560-A3A4-14D6511F7C53} = {20288157-E989-4AD8-B596-88F953E9DD61}
		{468F3611-C8C7-4F39-8B59-BFF080198ED1} = {20288157-E989-4AD8-B596-88F953E9DD61}
		{A4FF0181-3CC1-4281-BB1F-3D59BA73CD84} = {20288157-E989-4AD8-B596-88F953E9DD61}
		{6CB4B927-4643-4197-91B9-DFC9384F912D} = {20288157-E989-4AD8-B596-88F953E9DD61}
		{D3B373BE-1BD9-4CB0-A6BA-EE703AB6E7E6} = {20288157-E989-4AD8-B596-88F953E9DD61}
		{CF0CE696-DF9A-4A9B-B9A7-F851A0274C84} = {E9539BBA-5E92-4841-BEB0-7079D680A729}
		{A2E13CE9-6C81-4907-AAF0-57CC4BFAE0C0} = {E9539BBA-5E92-4841-BEB0-7079D680A729}
		{0C699C2C-B198-421D-B7B4-4A57A8F79FD5} = {E9539BBA-5E92-4841-BEB0-7079D680A729}
		{F734577F-06E6-4B14-99C8-7DF8314A3B36} = {E9539BBA-5E92-4841-BEB0-7079D680A729}
		{CA61BCC9-FF5C-4D66-89F8-58670EDE82C5} = {E9539BBA-5E92-4841-BEB0-7079D680A729}
		{9F75BE5A-03BB-4053-9EC6-F880E8D40934} = {E9539BBA-5E92-4841-BEB0-7079D680A729}
		{6770EE5E-45A1-40CA-8F5E-DA7BDEF4A66B} = {E9539BBA-5E92-4841-BEB0-7079D680A729}
		{0A9DF7AF-D1CD-43CC-8374-C27B158422E7} = {E9539BBA-5E92-4841-BEB0-7079D680A729}
		{A2E36BF9-BC40-4925-9CC2-1537AFE498ED} = {0A9DF7AF-D1CD-43CC-8374-C27B158422E7}
		{9F1896B8-33C1-4FE4-BCCD-91849C6E20FF} = {E9539BBA-5E92-4841-BEB0-7079D680A729}
		{CA30724E-8761-4835-8785-1CF13F29E79D} = {9F1896B8-33C1-4FE4-BCCD-91849C6E20FF}
		{4D1C5268-D43A-4D22-9D10-7F5AD3029AE0} = {E9539BBA-5E92-4841-BEB0-7079D680A729}
		{DAA0E952-8822-4007-A667-2FA9404779B5} = {4D1C5268-D43A-4D22-9D10-7F5AD3029AE0}
		{23441F77-54C4-4E02-9230-915C2A2A5FE2} = {E9539BBA-5E92-4841-BEB0-7079D680A729}
		{225E647A-0E4C-4C44-80B2-915A5ACBFB43} = {E9539BBA-5E92-4841-BEB0-7079D680A729}
		{BE9DA0DC-02B3-42E8-91FF-ACD0BAC716CE} = {E9539BBA-5E92-4841-BEB0-7079D680A729}
		{2219D36A-B371-4CC7-8E98-E6EA60299AEF} = {BE9DA0DC-02B3-42E8-91FF-ACD0BAC716CE}
		{999A6BE2-2045-4187-82D8-5CF77344A054} = {E9539BBA-5E92-4841-BEB0-7079D680A729}
		{7FD9AE17-AE2D-4E52-80C6-F32B5F2AF64C} = {999A6BE2-2045-4187-82D8-5CF77344A054}
		{DE1FDF3D-2364-4447-B7E3-9FEE254E2CD6} = {999A6BE2-2045-4187-82D8-5CF77344A054}
		{87B2AE3F-5FB5-45E8-8DF7-82D4CBA39F55} = {999A6BE2-2045-4187-82D8-5CF77344A054}
		{24110D6C-869A-4081-98FA-472321E51294} = {298C3607-9A62-437E-980C-0FECD9E964D7}
		{DE6762F4-785A-4EF8-91B9-10F02911B5EC} = {298C3607-9A62-437E-980C-0FECD9E964D7}
		{B8F43B1B-2319-4830-95E7-ED690E20D377} = {DE6762F4-785A-4EF8-91B9-10F02911B5EC}
		{E02E8DE3-998B-43CC-B906-C16E5518A234} = {DE6762F4-785A-4EF8-91B9-10F02911B5EC}
		{4613E083-582D-41D1-8B0A-86179AD1BFF6} = {DE6762F4-785A-4EF8-91B9-10F02911B5EC}
		{694B678A-B279-4295-AA27-A3DB423A2E7B} = {F6305C1F-E959-49F5-A369-3F90189F4517}
		{5298B1B2-6319-4601-9ED7-A984EE1C8FED} = {E08C3A32-0520-474C-997C-48F85967CE5E}
		{8ACF8A08-1F0E-41E2-933B-4C6E08288686} = {E08C3A32-0520-474C-997C-48F85967CE5E}
	EndGlobalSection
	GlobalSection(ExtensibilityGlobals) = postSolution
		SolutionGuid = {81AFB23F-2624-4124-9834-CE7361E60423}
	EndGlobalSection
EndGlobal
