
Microsoft Visual Studio Solution File, Format Version 12.00
# Visual Studio Version 17
VisualStudioVersion = 17.6.33815.320
MinimumVisualStudioVersion = 10.0.40219.1
Project("{FAE04EC0-301F-11D3-BF4B-00C04F79EFBC}") = "asp-net-web-api", "asp-net-web-api\asp-net-web-api.csproj", "{DE6987F9-8CF9-42E1-B07F-E6A3E5E583A6}"
EndProject
Global
	GlobalSection(SolutionConfigurationPlatforms) = preSolution
		Debug|Any CPU = Debug|Any CPU
		Release|Any CPU = Release|Any CPU
	EndGlobalSection
	GlobalSection(ProjectConfigurationPlatforms) = postSolution
		{DE6987F9-8CF9-42E1-B07F-E6A3E5E583A6}.Debug|Any CPU.ActiveCfg = Debug|Any CPU
		{DE6987F9-8CF9-42E1-B07F-E6A3E5E583A6}.Debug|Any CPU.Build.0 = Debug|Any CPU
		{DE6987F9-8CF9-42E1-B07F-E6A3E5E583A6}.Release|Any CPU.ActiveCfg = Release|Any CPU
		{DE6987F9-8CF9-42E1-B07F-E6A3E5E583A6}.Release|Any CPU.Build.0 = Release|Any CPU
	EndGlobalSection
	GlobalSection(SolutionProperties) = preSolution
		HideSolutionNode = FALSE
	EndGlobalSection
	GlobalSection(ExtensibilityGlobals) = postSolution
		SolutionGuid = {A793C680-B96D-43AC-8559-75C459F2DFB1}
	EndGlobalSection
EndGlobal
